// !$*UTF8*$!
{
	archiveVersion = 1;
	classes = {
	};
	objectVersion = 50;
	objects = {

/* Begin PBXBuildFile section */
		ED7D17D1245576170083629A /* main.swift in Sources */ = {isa = PBXBuildFile; fileRef = ED7D17D0245576170083629A /* main.swift */; };
		ED7D17D9245576FF0083629A /* Passenger.swift in Sources */ = {isa = PBXBuildFile; fileRef = ED7D17D8245576FF0083629A /* Passenger.swift */; };
		ED7D17DB245577230083629A /* Flight.swift in Sources */ = {isa = PBXBuildFile; fileRef = ED7D17DA245577230083629A /* Flight.swift */; };
		ED7D17DD2455773C0083629A /* Tickets.swift in Sources */ = {isa = PBXBuildFile; fileRef = ED7D17DC2455773C0083629A /* Tickets.swift */; };
		ED7D17E0245577670083629A /* AVLTree.swift in Sources */ = {isa = PBXBuildFile; fileRef = ED7D17DF245577670083629A /* AVLTree.swift */; };
		ED7D17E2245577850083629A /* HashTable.swift in Sources */ = {isa = PBXBuildFile; fileRef = ED7D17E1245577850083629A /* HashTable.swift */; };
		ED7D17E72455794C0083629A /* list.swift in Sources */ = {isa = PBXBuildFile; fileRef = ED7D17E62455794C0083629A /* list.swift */; };
/* End PBXBuildFile section */

/* Begin PBXCopyFilesBuildPhase section */
		ED7D17CB245576170083629A /* CopyFiles */ = {
			isa = PBXCopyFilesBuildPhase;
			buildActionMask = 2147483647;
			dstPath = /usr/share/man/man1/;
			dstSubfolderSpec = 0;
			files = (
			);
			runOnlyForDeploymentPostprocessing = 1;
		};
/* End PBXCopyFilesBuildPhase section */

/* Begin PBXFileReference section */
		ED7D17CD245576170083629A /* курсач */ = {isa = PBXFileReference; explicitFileType = "compiled.mach-o.executable"; includeInIndex = 0; path = "курсач"; sourceTree = BUILT_PRODUCTS_DIR; };
		ED7D17D0245576170083629A /* main.swift */ = {isa = PBXFileReference; lastKnownFileType = sourcecode.swift; path = main.swift; sourceTree = "<group>"; };
		ED7D17D8245576FF0083629A /* Passenger.swift */ = {isa = PBXFileReference; lastKnownFileType = sourcecode.swift; path = Passenger.swift; sourceTree = "<group>"; };
		ED7D17DA245577230083629A /* Flight.swift */ = {isa = PBXFileReference; lastKnownFileType = sourcecode.swift; path = Flight.swift; sourceTree = "<group>"; };
		ED7D17DC2455773C0083629A /* Tickets.swift */ = {isa = PBXFileReference; lastKnownFileType = sourcecode.swift; path = Tickets.swift; sourceTree = "<group>"; };
		ED7D17DF245577670083629A /* AVLTree.swift */ = {isa = PBXFileReference; lastKnownFileType = sourcecode.swift; path = AVLTree.swift; sourceTree = "<group>"; };
		ED7D17E1245577850083629A /* HashTable.swift */ = {isa = PBXFileReference; lastKnownFileType = sourcecode.swift; path = HashTable.swift; sourceTree = "<group>"; };
		ED7D17E62455794C0083629A /* list.swift */ = {isa = PBXFileReference; lastKnownFileType = sourcecode.swift; path = list.swift; sourceTree = "<group>"; };
/* End PBXFileReference section */

/* Begin PBXFrameworksBuildPhase section */
		ED7D17CA245576170083629A /* Frameworks */ = {
			isa = PBXFrameworksBuildPhase;
			buildActionMask = 2147483647;
			files = (
			);
			runOnlyForDeploymentPostprocessing = 0;
		};
/* End PBXFrameworksBuildPhase section */

/* Begin PBXGroup section */
		ED7D17C4245576170083629A = {
			isa = PBXGroup;
			children = (
				ED7D17CF245576170083629A /* курсач */,
				ED7D17CE245576170083629A /* Products */,
			);
			sourceTree = "<group>";
		};
		ED7D17CE245576170083629A /* Products */ = {
			isa = PBXGroup;
			children = (
				ED7D17CD245576170083629A /* курсач */,
			);
			name = Products;
			sourceTree = "<group>";
		};
		ED7D17CF245576170083629A /* курсач */ = {
			isa = PBXGroup;
			children = (
				ED7D17E3245577AF0083629A /* Helpers */,
				ED7D17DE245577520083629A /* Структуры данных */,
				ED7D17D7245576E30083629A /* Model */,
				ED7D17D0245576170083629A /* main.swift */,
			);
			path = "курсач";
			sourceTree = "<group>";
		};
		ED7D17D7245576E30083629A /* Model */ = {
			isa = PBXGroup;
			children = (
				ED7D17D8245576FF0083629A /* Passenger.swift */,
				ED7D17DA245577230083629A /* Flight.swift */,
				ED7D17DC2455773C0083629A /* Tickets.swift */,
			);
			path = Model;
			sourceTree = "<group>";
		};
		ED7D17DE245577520083629A /* Структуры данных */ = {
			isa = PBXGroup;
			children = (
				ED7D17DF245577670083629A /* AVLTree.swift */,
				ED7D17E1245577850083629A /* HashTable.swift */,
				ED7D17E62455794C0083629A /* list.swift */,
			);
			path = "Структуры данных";
			sourceTree = "<group>";
		};
		ED7D17E3245577AF0083629A /* Helpers */ = {
			isa = PBXGroup;
			children = (
			);
			path = Helpers;
			sourceTree = "<group>";
		};
/* End PBXGroup section */

/* Begin PBXNativeTarget section */
		ED7D17CC245576170083629A /* курсач */ = {
			isa = PBXNativeTarget;
			buildConfigurationList = ED7D17D4245576170083629A /* Build configuration list for PBXNativeTarget "курсач" */;
			buildPhases = (
				ED7D17C9245576170083629A /* Sources */,
				ED7D17CA245576170083629A /* Frameworks */,
				ED7D17CB245576170083629A /* CopyFiles */,
			);
			buildRules = (
			);
			dependencies = (
			);
			name = "курсач";
			productName = "курсач";
			productReference = ED7D17CD245576170083629A /* курсач */;
			productType = "com.apple.product-type.tool";
		};
/* End PBXNativeTarget section */

/* Begin PBXProject section */
		ED7D17C5245576170083629A /* Project object */ = {
			isa = PBXProject;
			attributes = {
				LastSwiftUpdateCheck = 1140;
				LastUpgradeCheck = 1140;
				ORGANIZATIONNAME = "Кирилл";
				TargetAttributes = {
					ED7D17CC245576170083629A = {
						CreatedOnToolsVersion = 11.4.1;
					};
				};
			};
			buildConfigurationList = ED7D17C8245576170083629A /* Build configuration list for PBXProject "курсач" */;
			compatibilityVersion = "Xcode 9.3";
			developmentRegion = en;
			hasScannedForEncodings = 0;
			knownRegions = (
				en,
				Base,
			);
			mainGroup = ED7D17C4245576170083629A;
			productRefGroup = ED7D17CE245576170083629A /* Products */;
			projectDirPath = "";
			projectRoot = "";
			targets = (
				ED7D17CC245576170083629A /* курсач */,
			);
		};
/* End PBXProject section */

/* Begin PBXSourcesBuildPhase section */
		ED7D17C9245576170083629A /* Sources */ = {
			isa = PBXSourcesBuildPhase;
			buildActionMask = 2147483647;
			files = (
				ED7D17E72455794C0083629A /* list.swift in Sources */,
				ED7D17DB245577230083629A /* Flight.swift in Sources */,
				ED7D17D9245576FF0083629A /* Passenger.swift in Sources */,
				ED7D17D1245576170083629A /* main.swift in Sources */,
				ED7D17DD2455773C0083629A /* Tickets.swift in Sources */,
				ED7D17E2245577850083629A /* HashTable.swift in Sources */,
				ED7D17E0245577670083629A /* AVLTree.swift in Sources */,
			);
			runOnlyForDeploymentPostprocessing = 0;
		};
/* End PBXSourcesBuildPhase section */

/* Begin XCBuildConfiguration section */
		ED7D17D2245576170083629A /* Debug */ = {
			isa = XCBuildConfiguration;
			buildSettings = {
				ALWAYS_SEARCH_USER_PATHS = NO;
				CLANG_ANALYZER_NONNULL = YES;
				CLANG_ANALYZER_NUMBER_OBJECT_CONVERSION = YES_AGGRESSIVE;
				CLANG_CXX_LANGUAGE_STANDARD = "gnu++14";
				CLANG_CXX_LIBRARY = "libc++";
				CLANG_ENABLE_MODULES = YES;
				CLANG_ENABLE_OBJC_ARC = YES;
				CLANG_ENABLE_OBJC_WEAK = YES;
				CLANG_WARN_BLOCK_CAPTURE_AUTORELEASING = YES;
				CLANG_WARN_BOOL_CONVERSION = YES;
				CLANG_WARN_COMMA = YES;
				CLANG_WARN_CONSTANT_CONVERSION = YES;
				CLANG_WARN_DEPRECATED_OBJC_IMPLEMENTATIONS = YES;
				CLANG_WARN_DIRECT_OBJC_ISA_USAGE = YES_ERROR;
				CLANG_WARN_DOCUMENTATION_COMMENTS = YES;
				CLANG_WARN_EMPTY_BODY = YES;
				CLANG_WARN_ENUM_CONVERSION = YES;
				CLANG_WARN_INFINITE_RECURSION = YES;
				CLANG_WARN_INT_CONVERSION = YES;
				CLANG_WARN_NON_LITERAL_NULL_CONVERSION = YES;
				CLANG_WARN_OBJC_IMPLICIT_RETAIN_SELF = YES;
				CLANG_WARN_OBJC_LITERAL_CONVERSION = YES;
				CLANG_WARN_OBJC_ROOT_CLASS = YES_ERROR;
				CLANG_WARN_RANGE_LOOP_ANALYSIS = YES;
				CLANG_WARN_STRICT_PROTOTYPES = YES;
				CLANG_WARN_SUSPICIOUS_MOVE = YES;
				CLANG_WARN_UNGUARDED_AVAILABILITY = YES_AGGRESSIVE;
				CLANG_WARN_UNREACHABLE_CODE = YES;
				CLANG_WARN__DUPLICATE_METHOD_MATCH = YES;
				COPY_PHASE_STRIP = NO;
				DEBUG_INFORMATION_FORMAT = dwarf;
				ENABLE_STRICT_OBJC_MSGSEND = YES;
				ENABLE_TESTABILITY = YES;
				GCC_C_LANGUAGE_STANDARD = gnu11;
				GCC_DYNAMIC_NO_PIC = NO;
				GCC_NO_COMMON_BLOCKS = YES;
				GCC_OPTIMIZATION_LEVEL = 0;
				GCC_PREPROCESSOR_DEFINITIONS = (
					"DEBUG=1",
					"$(inherited)",
				);
				GCC_WARN_64_TO_32_BIT_CONVERSION = YES;
				GCC_WARN_ABOUT_RETURN_TYPE = YES_ERROR;
				GCC_WARN_UNDECLARED_SELECTOR = YES;
				GCC_WARN_UNINITIALIZED_AUTOS = YES_AGGRESSIVE;
				GCC_WARN_UNUSED_FUNCTION = YES;
				GCC_WARN_UNUSED_VARIABLE = YES;
				MACOSX_DEPLOYMENT_TARGET = 10.15;
				MTL_ENABLE_DEBUG_INFO = INCLUDE_SOURCE;
				MTL_FAST_MATH = YES;
				ONLY_ACTIVE_ARCH = YES;
				SDKROOT = macosx;
				SWIFT_ACTIVE_COMPILATION_CONDITIONS = DEBUG;
				SWIFT_OPTIMIZATION_LEVEL = "-Onone";
			};
			name = Debug;
		};
		ED7D17D3245576170083629A /* Release */ = {
			isa = XCBuildConfiguration;
			buildSettings = {
				ALWAYS_SEARCH_USER_PATHS = NO;
				CLANG_ANALYZER_NONNULL = YES;
				CLANG_ANALYZER_NUMBER_OBJECT_CONVERSION = YES_AGGRESSIVE;
				CLANG_CXX_LANGUAGE_STANDARD = "gnu++14";
				CLANG_CXX_LIBRARY = "libc++";
				CLANG_ENABLE_MODULES = YES;
				CLANG_ENABLE_OBJC_ARC = YES;
				CLANG_ENABLE_OBJC_WEAK = YES;
				CLANG_WARN_BLOCK_CAPTURE_AUTORELEASING = YES;
				CLANG_WARN_BOOL_CONVERSION = YES;
				CLANG_WARN_COMMA = YES;
				CLANG_WARN_CONSTANT_CONVERSION = YES;
				CLANG_WARN_DEPRECATED_OBJC_IMPLEMENTATIONS = YES;
				CLANG_WARN_DIRECT_OBJC_ISA_USAGE = YES_ERROR;
				CLANG_WARN_DOCUMENTATION_COMMENTS = YES;
				CLANG_WARN_EMPTY_BODY = YES;
				CLANG_WARN_ENUM_CONVERSION = YES;
				CLANG_WARN_INFINITE_RECURSION = YES;
				CLANG_WARN_INT_CONVERSION = YES;
				CLANG_WARN_NON_LITERAL_NULL_CONVERSION = YES;
				CLANG_WARN_OBJC_IMPLICIT_RETAIN_SELF = YES;
				CLANG_WARN_OBJC_LITERAL_CONVERSION = YES;
				CLANG_WARN_OBJC_ROOT_CLASS = YES_ERROR;
				CLANG_WARN_RANGE_LOOP_ANALYSIS = YES;
				CLANG_WARN_STRICT_PROTOTYPES = YES;
				CLANG_WARN_SUSPICIOUS_MOVE = YES;
				CLANG_WARN_UNGUARDED_AVAILABILITY = YES_AGGRESSIVE;
				CLANG_WARN_UNREACHABLE_CODE = YES;
				CLANG_WARN__DUPLICATE_METHOD_MATCH = YES;
				COPY_PHASE_STRIP = NO;
				DEBUG_INFORMATION_FORMAT = "dwarf-with-dsym";
				ENABLE_NS_ASSERTIONS = NO;
				ENABLE_STRICT_OBJC_MSGSEND = YES;
				GCC_C_LANGUAGE_STANDARD = gnu11;
				GCC_NO_COMMON_BLOCKS = YES;
				GCC_WARN_64_TO_32_BIT_CONVERSION = YES;
				GCC_WARN_ABOUT_RETURN_TYPE = YES_ERROR;
				GCC_WARN_UNDECLARED_SELECTOR = YES;
				GCC_WARN_UNINITIALIZED_AUTOS = YES_AGGRESSIVE;
				GCC_WARN_UNUSED_FUNCTION = YES;
				GCC_WARN_UNUSED_VARIABLE = YES;
				MACOSX_DEPLOYMENT_TARGET = 10.15;
				MTL_ENABLE_DEBUG_INFO = NO;
				MTL_FAST_MATH = YES;
				SDKROOT = macosx;
				SWIFT_COMPILATION_MODE = wholemodule;
				SWIFT_OPTIMIZATION_LEVEL = "-O";
			};
			name = Release;
		};
		ED7D17D5245576170083629A /* Debug */ = {
			isa = XCBuildConfiguration;
			buildSettings = {
				CODE_SIGN_STYLE = Automatic;
				DEVELOPMENT_TEAM = ZQ27S689GF;
				ENABLE_HARDENED_RUNTIME = YES;
				PRODUCT_NAME = "$(TARGET_NAME)";
				SWIFT_VERSION = 5.0;
			};
			name = Debug;
		};
		ED7D17D6245576170083629A /* Release */ = {
			isa = XCBuildConfiguration;
			buildSettings = {
				CODE_SIGN_STYLE = Automatic;
				DEVELOPMENT_TEAM = ZQ27S689GF;
				ENABLE_HARDENED_RUNTIME = YES;
				PRODUCT_NAME = "$(TARGET_NAME)";
				SWIFT_VERSION = 5.0;
			};
			name = Release;
		};
/* End XCBuildConfiguration section */

/* Begin XCConfigurationList section */
		ED7D17C8245576170083629A /* Build configuration list for PBXProject "курсач" */ = {
			isa = XCConfigurationList;
			buildConfigurations = (
				ED7D17D2245576170083629A /* Debug */,
				ED7D17D3245576170083629A /* Release */,
			);
			defaultConfigurationIsVisible = 0;
			defaultConfigurationName = Release;
		};
		ED7D17D4245576170083629A /* Build configuration list for PBXNativeTarget "курсач" */ = {
			isa = XCConfigurationList;
			buildConfigurations = (
				ED7D17D5245576170083629A /* Debug */,
				ED7D17D6245576170083629A /* Release */,
			);
			defaultConfigurationIsVisible = 0;
			defaultConfigurationName = Release;
		};
/* End XCConfigurationList section */
	};
	rootObject = ED7D17C5245576170083629A /* Project object */;
}
