// !$*UTF8*$!
{
	archiveVersion = 1;
	classes = {
	};
	objectVersion = 50;
	objects = {

/* Begin PBXBuildFile section */
		ED956C3523F95F070081815C /* main.cpp in Sources */ = {isa = PBXBuildFile; fileRef = ED956C3423F95F070081815C /* main.cpp */; };
		ED956C3C23F95F580081815C /* passengerInfo.cpp in Sources */ = {isa = PBXBuildFile; fileRef = ED956C3B23F95F580081815C /* passengerInfo.cpp */; };
		ED956C3E23F960640081815C /* hashTable.cpp in Sources */ = {isa = PBXBuildFile; fileRef = ED956C3D23F960640081815C /* hashTable.cpp */; };
		ED956C4023F9686E0081815C /* flightInfo.cpp in Sources */ = {isa = PBXBuildFile; fileRef = ED956C3F23F9686E0081815C /* flightInfo.cpp */; };
		ED956C4223F9695A0081815C /* avlTree.cpp in Sources */ = {isa = PBXBuildFile; fileRef = ED956C4123F9695A0081815C /* avlTree.cpp */; };
		ED956C4423F969960081815C /* Ticket.cpp in Sources */ = {isa = PBXBuildFile; fileRef = ED956C4323F969960081815C /* Ticket.cpp */; };
/* End PBXBuildFile section */

/* Begin PBXCopyFilesBuildPhase section */
		ED956C2F23F95F070081815C /* CopyFiles */ = {
			isa = PBXCopyFilesBuildPhase;
			buildActionMask = 2147483647;
			dstPath = /usr/share/man/man1/;
			dstSubfolderSpec = 0;
			files = (
			);
			runOnlyForDeploymentPostprocessing = 1;
		};
/* End PBXCopyFilesBuildPhase section */

/* Begin PBXFileReference section */
		ED956C3123F95F070081815C /* mainCaod */ = {isa = PBXFileReference; explicitFileType = "compiled.mach-o.executable"; includeInIndex = 0; path = mainCaod; sourceTree = BUILT_PRODUCTS_DIR; };
		ED956C3423F95F070081815C /* main.cpp */ = {isa = PBXFileReference; lastKnownFileType = sourcecode.cpp.cpp; path = main.cpp; sourceTree = "<group>"; };
		ED956C3B23F95F580081815C /* passengerInfo.cpp */ = {isa = PBXFileReference; lastKnownFileType = sourcecode.cpp.cpp; path = passengerInfo.cpp; sourceTree = "<group>"; };
		ED956C3D23F960640081815C /* hashTable.cpp */ = {isa = PBXFileReference; lastKnownFileType = sourcecode.cpp.cpp; path = hashTable.cpp; sourceTree = "<group>"; };
		ED956C3F23F9686E0081815C /* flightInfo.cpp */ = {isa = PBXFileReference; lastKnownFileType = sourcecode.cpp.cpp; path = flightInfo.cpp; sourceTree = "<group>"; };
		ED956C4123F9695A0081815C /* avlTree.cpp */ = {isa = PBXFileReference; lastKnownFileType = sourcecode.cpp.cpp; path = avlTree.cpp; sourceTree = "<group>"; };
		ED956C4323F969960081815C /* Ticket.cpp */ = {isa = PBXFileReference; lastKnownFileType = sourcecode.cpp.cpp; path = Ticket.cpp; sourceTree = "<group>"; };
/* End PBXFileReference section */

/* Begin PBXFrameworksBuildPhase section */
		ED956C2E23F95F070081815C /* Frameworks */ = {
			isa = PBXFrameworksBuildPhase;
			buildActionMask = 2147483647;
			files = (
			);
			runOnlyForDeploymentPostprocessing = 0;
		};
/* End PBXFrameworksBuildPhase section */

/* Begin PBXGroup section */
		ED956C2823F95F070081815C = {
			isa = PBXGroup;
			children = (
				ED956C3323F95F070081815C /* mainCaod */,
				ED956C3223F95F070081815C /* Products */,
			);
			sourceTree = "<group>";
		};
		ED956C3223F95F070081815C /* Products */ = {
			isa = PBXGroup;
			children = (
				ED956C3123F95F070081815C /* mainCaod */,
			);
			name = Products;
			sourceTree = "<group>";
		};
		ED956C3323F95F070081815C /* mainCaod */ = {
			isa = PBXGroup;
			children = (
				ED956C3423F95F070081815C /* main.cpp */,
				ED956C3B23F95F580081815C /* passengerInfo.cpp */,
				ED956C3D23F960640081815C /* hashTable.cpp */,
				ED956C3F23F9686E0081815C /* flightInfo.cpp */,
				ED956C4123F9695A0081815C /* avlTree.cpp */,
				ED956C4323F969960081815C /* Ticket.cpp */,
			);
			path = mainCaod;
			sourceTree = "<group>";
		};
/* End PBXGroup section */

/* Begin PBXNativeTarget section */
		ED956C3023F95F070081815C /* mainCaod */ = {
			isa = PBXNativeTarget;
			buildConfigurationList = ED956C3823F95F070081815C /* Build configuration list for PBXNativeTarget "mainCaod" */;
			buildPhases = (
				ED956C2D23F95F070081815C /* Sources */,
				ED956C2E23F95F070081815C /* Frameworks */,
				ED956C2F23F95F070081815C /* CopyFiles */,
			);
			buildRules = (
			);
			dependencies = (
			);
			name = mainCaod;
			productName = mainCaod;
			productReference = ED956C3123F95F070081815C /* mainCaod */;
			productType = "com.apple.product-type.tool";
		};
/* End PBXNativeTarget section */

/* Begin PBXProject section */
		ED956C2923F95F070081815C /* Project object */ = {
			isa = PBXProject;
			attributes = {
				LastUpgradeCheck = 1130;
				ORGANIZATIONNAME = "Кирилл";
				TargetAttributes = {
					ED956C3023F95F070081815C = {
						CreatedOnToolsVersion = 11.3.1;
					};
				};
			};
			buildConfigurationList = ED956C2C23F95F070081815C /* Build configuration list for PBXProject "mainCaod" */;
			compatibilityVersion = "Xcode 9.3";
			developmentRegion = en;
			hasScannedForEncodings = 0;
			knownRegions = (
				en,
				Base,
			);
			mainGroup = ED956C2823F95F070081815C;
			productRefGroup = ED956C3223F95F070081815C /* Products */;
			projectDirPath = "";
			projectRoot = "";
			targets = (
				ED956C3023F95F070081815C /* mainCaod */,
			);
		};
/* End PBXProject section */

/* Begin PBXSourcesBuildPhase section */
		ED956C2D23F95F070081815C /* Sources */ = {
			isa = PBXSourcesBuildPhase;
			buildActionMask = 2147483647;
			files = (
				ED956C3E23F960640081815C /* hashTable.cpp in Sources */,
				ED956C4423F969960081815C /* Ticket.cpp in Sources */,
				ED956C4023F9686E0081815C /* flightInfo.cpp in Sources */,
				ED956C4223F9695A0081815C /* avlTree.cpp in Sources */,
				ED956C3C23F95F580081815C /* passengerInfo.cpp in Sources */,
				ED956C3523F95F070081815C /* main.cpp in Sources */,
			);
			runOnlyForDeploymentPostprocessing = 0;
		};
/* End PBXSourcesBuildPhase section */

/* Begin XCBuildConfiguration section */
		ED956C3623F95F070081815C /* Debug */ = {
			isa = XCBuildConfiguration;
			buildSettings = {
				ALWAYS_SEARCH_USER_PATHS = NO;
				CLANG_ANALYZER_NONNULL = YES;
				CLANG_ANALYZER_NUMBER_OBJECT_CONVERSION = YES_AGGRESSIVE;
				CLANG_CXX_LANGUAGE_STANDARD = "gnu++14";
				CLANG_CXX_LIBRARY = "libc++";
				CLANG_ENABLE_MODULES = YES;
				CLANG_ENABLE_OBJC_ARC = YES;
				CLANG_ENABLE_OBJC_WEAK = YES;
				CLANG_WARN_BLOCK_CAPTURE_AUTORELEASING = YES;
				CLANG_WARN_BOOL_CONVERSION = YES;
				CLANG_WARN_COMMA = YES;
				CLANG_WARN_CONSTANT_CONVERSION = YES;
				CLANG_WARN_DEPRECATED_OBJC_IMPLEMENTATIONS = YES;
				CLANG_WARN_DIRECT_OBJC_ISA_USAGE = YES_ERROR;
				CLANG_WARN_DOCUMENTATION_COMMENTS = YES;
				CLANG_WARN_EMPTY_BODY = YES;
				CLANG_WARN_ENUM_CONVERSION = YES;
				CLANG_WARN_INFINITE_RECURSION = YES;
				CLANG_WARN_INT_CONVERSION = YES;
				CLANG_WARN_NON_LITERAL_NULL_CONVERSION = YES;
				CLANG_WARN_OBJC_IMPLICIT_RETAIN_SELF = YES;
				CLANG_WARN_OBJC_LITERAL_CONVERSION = YES;
				CLANG_WARN_OBJC_ROOT_CLASS = YES_ERROR;
				CLANG_WARN_RANGE_LOOP_ANALYSIS = YES;
				CLANG_WARN_STRICT_PROTOTYPES = YES;
				CLANG_WARN_SUSPICIOUS_MOVE = YES;
				CLANG_WARN_UNGUARDED_AVAILABILITY = YES_AGGRESSIVE;
				CLANG_WARN_UNREACHABLE_CODE = YES;
				CLANG_WARN__DUPLICATE_METHOD_MATCH = YES;
				COPY_PHASE_STRIP = NO;
				DEBUG_INFORMATION_FORMAT = dwarf;
				ENABLE_STRICT_OBJC_MSGSEND = YES;
				ENABLE_TESTABILITY = YES;
				GCC_C_LANGUAGE_STANDARD = gnu11;
				GCC_DYNAMIC_NO_PIC = NO;
				GCC_NO_COMMON_BLOCKS = YES;
				GCC_OPTIMIZATION_LEVEL = 0;
				GCC_PREPROCESSOR_DEFINITIONS = (
					"DEBUG=1",
					"$(inherited)",
				);
				GCC_WARN_64_TO_32_BIT_CONVERSION = YES;
				GCC_WARN_ABOUT_RETURN_TYPE = YES_ERROR;
				GCC_WARN_UNDECLARED_SELECTOR = YES;
				GCC_WARN_UNINITIALIZED_AUTOS = YES_AGGRESSIVE;
				GCC_WARN_UNUSED_FUNCTION = YES;
				GCC_WARN_UNUSED_VARIABLE = YES;
				MACOSX_DEPLOYMENT_TARGET = 10.15;
				MTL_ENABLE_DEBUG_INFO = INCLUDE_SOURCE;
				MTL_FAST_MATH = YES;
				ONLY_ACTIVE_ARCH = YES;
				SDKROOT = macosx;
			};
			name = Debug;
		};
		ED956C3723F95F070081815C /* Release */ = {
			isa = XCBuildConfiguration;
			buildSettings = {
				ALWAYS_SEARCH_USER_PATHS = NO;
				CLANG_ANALYZER_NONNULL = YES;
				CLANG_ANALYZER_NUMBER_OBJECT_CONVERSION = YES_AGGRESSIVE;
				CLANG_CXX_LANGUAGE_STANDARD = "gnu++14";
				CLANG_CXX_LIBRARY = "libc++";
				CLANG_ENABLE_MODULES = YES;
				CLANG_ENABLE_OBJC_ARC = YES;
				CLANG_ENABLE_OBJC_WEAK = YES;
				CLANG_WARN_BLOCK_CAPTURE_AUTORELEASING = YES;
				CLANG_WARN_BOOL_CONVERSION = YES;
				CLANG_WARN_COMMA = YES;
				CLANG_WARN_CONSTANT_CONVERSION = YES;
				CLANG_WARN_DEPRECATED_OBJC_IMPLEMENTATIONS = YES;
				CLANG_WARN_DIRECT_OBJC_ISA_USAGE = YES_ERROR;
				CLANG_WARN_DOCUMENTATION_COMMENTS = YES;
				CLANG_WARN_EMPTY_BODY = YES;
				CLANG_WARN_ENUM_CONVERSION = YES;
				CLANG_WARN_INFINITE_RECURSION = YES;
				CLANG_WARN_INT_CONVERSION = YES;
				CLANG_WARN_NON_LITERAL_NULL_CONVERSION = YES;
				CLANG_WARN_OBJC_IMPLICIT_RETAIN_SELF = YES;
				CLANG_WARN_OBJC_LITERAL_CONVERSION = YES;
				CLANG_WARN_OBJC_ROOT_CLASS = YES_ERROR;
				CLANG_WARN_RANGE_LOOP_ANALYSIS = YES;
				CLANG_WARN_STRICT_PROTOTYPES = YES;
				CLANG_WARN_SUSPICIOUS_MOVE = YES;
				CLANG_WARN_UNGUARDED_AVAILABILITY = YES_AGGRESSIVE;
				CLANG_WARN_UNREACHABLE_CODE = YES;
				CLANG_WARN__DUPLICATE_METHOD_MATCH = YES;
				COPY_PHASE_STRIP = NO;
				DEBUG_INFORMATION_FORMAT = "dwarf-with-dsym";
				ENABLE_NS_ASSERTIONS = NO;
				ENABLE_STRICT_OBJC_MSGSEND = YES;
				GCC_C_LANGUAGE_STANDARD = gnu11;
				GCC_NO_COMMON_BLOCKS = YES;
				GCC_WARN_64_TO_32_BIT_CONVERSION = YES;
				GCC_WARN_ABOUT_RETURN_TYPE = YES_ERROR;
				GCC_WARN_UNDECLARED_SELECTOR = YES;
				GCC_WARN_UNINITIALIZED_AUTOS = YES_AGGRESSIVE;
				GCC_WARN_UNUSED_FUNCTION = YES;
				GCC_WARN_UNUSED_VARIABLE = YES;
				MACOSX_DEPLOYMENT_TARGET = 10.15;
				MTL_ENABLE_DEBUG_INFO = NO;
				MTL_FAST_MATH = YES;
				SDKROOT = macosx;
			};
			name = Release;
		};
		ED956C3923F95F070081815C /* Debug */ = {
			isa = XCBuildConfiguration;
			buildSettings = {
				CODE_SIGN_STYLE = Automatic;
				DEVELOPMENT_TEAM = ZQ27S689GF;
				ENABLE_HARDENED_RUNTIME = YES;
				PRODUCT_NAME = "$(TARGET_NAME)";
			};
			name = Debug;
		};
		ED956C3A23F95F070081815C /* Release */ = {
			isa = XCBuildConfiguration;
			buildSettings = {
				CODE_SIGN_STYLE = Automatic;
				DEVELOPMENT_TEAM = ZQ27S689GF;
				ENABLE_HARDENED_RUNTIME = YES;
				PRODUCT_NAME = "$(TARGET_NAME)";
			};
			name = Release;
		};
/* End XCBuildConfiguration section */

/* Begin XCConfigurationList section */
		ED956C2C23F95F070081815C /* Build configuration list for PBXProject "mainCaod" */ = {
			isa = XCConfigurationList;
			buildConfigurations = (
				ED956C3623F95F070081815C /* Debug */,
				ED956C3723F95F070081815C /* Release */,
			);
			defaultConfigurationIsVisible = 0;
			defaultConfigurationName = Release;
		};
		ED956C3823F95F070081815C /* Build configuration list for PBXNativeTarget "mainCaod" */ = {
			isa = XCConfigurationList;
			buildConfigurations = (
				ED956C3923F95F070081815C /* Debug */,
				ED956C3A23F95F070081815C /* Release */,
			);
			defaultConfigurationIsVisible = 0;
			defaultConfigurationName = Release;
		};
/* End XCConfigurationList section */
	};
	rootObject = ED956C2923F95F070081815C /* Project object */;
}
