// !$*UTF8*$!
{
	archiveVersion = 1;
	classes = {
	};
	objectVersion = 51;
	objects = {

/* Begin PBXBuildFile section */
		BFA6A65AF16D70CC35613399 /* Pods_OOP.framework in Frameworks */ = {isa = PBXBuildFile; fileRef = F6AF79DD3CBE2A31B34123B6 /* Pods_OOP.framework */; };
		ED1F62C9255A7D0E00FE1A38 /* WritePatientToDoctorController.swift in Sources */ = {isa = PBXBuildFile; fileRef = ED1F62C8255A7D0E00FE1A38 /* WritePatientToDoctorController.swift */; };
		ED1F62CC255A829300FE1A38 /* BaseCollectionCell.swift in Sources */ = {isa = PBXBuildFile; fileRef = ED1F62CB255A829300FE1A38 /* BaseCollectionCell.swift */; };
		ED2E75AC254E9F140020775D /* DetailDoctorsController.swift in Sources */ = {isa = PBXBuildFile; fileRef = ED2E75AB254E9F140020775D /* DetailDoctorsController.swift */; };
		ED2E75AE254EB5C80020775D /* DetailPersonController.swift in Sources */ = {isa = PBXBuildFile; fileRef = ED2E75AD254EB5C80020775D /* DetailPersonController.swift */; };
		ED5E8624254D963D008BE23A /* DoctorsSingelton.swift in Sources */ = {isa = PBXBuildFile; fileRef = ED5E8623254D963D008BE23A /* DoctorsSingelton.swift */; };
		ED5E8626254D9661008BE23A /* PatientSingelton.swift in Sources */ = {isa = PBXBuildFile; fileRef = ED5E8625254D9661008BE23A /* PatientSingelton.swift */; };
		ED6A3A6E25458E1A002D6512 /* AppDelegate.swift in Sources */ = {isa = PBXBuildFile; fileRef = ED6A3A6D25458E1A002D6512 /* AppDelegate.swift */; };
		ED6A3A7025458E1A002D6512 /* SceneDelegate.swift in Sources */ = {isa = PBXBuildFile; fileRef = ED6A3A6F25458E1A002D6512 /* SceneDelegate.swift */; };
		ED6A3A7225458E1A002D6512 /* PatientController.swift in Sources */ = {isa = PBXBuildFile; fileRef = ED6A3A7125458E1A002D6512 /* PatientController.swift */; };
		ED6A3A7525458E1A002D6512 /* Main.storyboard in Resources */ = {isa = PBXBuildFile; fileRef = ED6A3A7325458E1A002D6512 /* Main.storyboard */; };
		ED6A3A7725458E1E002D6512 /* Assets.xcassets in Resources */ = {isa = PBXBuildFile; fileRef = ED6A3A7625458E1E002D6512 /* Assets.xcassets */; };
		ED6A3A7A25458E1E002D6512 /* LaunchScreen.storyboard in Resources */ = {isa = PBXBuildFile; fileRef = ED6A3A7825458E1E002D6512 /* LaunchScreen.storyboard */; };
		ED6A3A8625458FDB002D6512 /* StatisticController.swift in Sources */ = {isa = PBXBuildFile; fileRef = ED6A3A8525458FDB002D6512 /* StatisticController.swift */; };
		ED6A3A8825458FE6002D6512 /* DoctorsController.swift in Sources */ = {isa = PBXBuildFile; fileRef = ED6A3A8725458FE6002D6512 /* DoctorsController.swift */; };
		ED6A3A8D25459165002D6512 /* Constant.swift in Sources */ = {isa = PBXBuildFile; fileRef = ED6A3A8C25459165002D6512 /* Constant.swift */; };
		ED6A3A8F254594B2002D6512 /* PeopleModel.swift in Sources */ = {isa = PBXBuildFile; fileRef = ED6A3A8E254594B2002D6512 /* PeopleModel.swift */; };
		ED6A3A9325459637002D6512 /* BasicCell.swift in Sources */ = {isa = PBXBuildFile; fileRef = ED6A3A9225459637002D6512 /* BasicCell.swift */; };
		ED6A3A9525459A29002D6512 /* UILabel + extention.swift in Sources */ = {isa = PBXBuildFile; fileRef = ED6A3A9425459A29002D6512 /* UILabel + extention.swift */; };
		EDA36A7A25583D0E00312831 /* EditDoctorsController.swift in Sources */ = {isa = PBXBuildFile; fileRef = EDA36A7925583D0E00312831 /* EditDoctorsController.swift */; };
		EDA36A7C25584E3100312831 /* EditPatientController.swift in Sources */ = {isa = PBXBuildFile; fileRef = EDA36A7B25584E3100312831 /* EditPatientController.swift */; };
		EDA5D5BE256040CF0076EADD /* PickerController.swift in Sources */ = {isa = PBXBuildFile; fileRef = EDA5D5BD256040CF0076EADD /* PickerController.swift */; };
		EDA5D5C0256042460076EADD /* StatisticSingelton.swift in Sources */ = {isa = PBXBuildFile; fileRef = EDA5D5BF256042460076EADD /* StatisticSingelton.swift */; };
		EDF8FB1E254D48B300E9F08E /* AddNewPeopleController.swift in Sources */ = {isa = PBXBuildFile; fileRef = EDF8FB1D254D48B300E9F08E /* AddNewPeopleController.swift */; };
/* End PBXBuildFile section */

/* Begin PBXFileReference section */
		24CBEB1B9EC2429745114E7A /* Pods-OOP.release.xcconfig */ = {isa = PBXFileReference; includeInIndex = 1; lastKnownFileType = text.xcconfig; name = "Pods-OOP.release.xcconfig"; path = "Target Support Files/Pods-OOP/Pods-OOP.release.xcconfig"; sourceTree = "<group>"; };
		B34D94C61F739A2D23AA820B /* Pods-OOP.debug.xcconfig */ = {isa = PBXFileReference; includeInIndex = 1; lastKnownFileType = text.xcconfig; name = "Pods-OOP.debug.xcconfig"; path = "Target Support Files/Pods-OOP/Pods-OOP.debug.xcconfig"; sourceTree = "<group>"; };
		ED1F62C8255A7D0E00FE1A38 /* WritePatientToDoctorController.swift */ = {isa = PBXFileReference; lastKnownFileType = sourcecode.swift; path = WritePatientToDoctorController.swift; sourceTree = "<group>"; };
		ED1F62CB255A829300FE1A38 /* BaseCollectionCell.swift */ = {isa = PBXFileReference; lastKnownFileType = sourcecode.swift; path = BaseCollectionCell.swift; sourceTree = "<group>"; };
		ED2E75AB254E9F140020775D /* DetailDoctorsController.swift */ = {isa = PBXFileReference; lastKnownFileType = sourcecode.swift; path = DetailDoctorsController.swift; sourceTree = "<group>"; };
		ED2E75AD254EB5C80020775D /* DetailPersonController.swift */ = {isa = PBXFileReference; lastKnownFileType = sourcecode.swift; path = DetailPersonController.swift; sourceTree = "<group>"; };
		ED5E8623254D963D008BE23A /* DoctorsSingelton.swift */ = {isa = PBXFileReference; lastKnownFileType = sourcecode.swift; path = DoctorsSingelton.swift; sourceTree = "<group>"; };
		ED5E8625254D9661008BE23A /* PatientSingelton.swift */ = {isa = PBXFileReference; lastKnownFileType = sourcecode.swift; path = PatientSingelton.swift; sourceTree = "<group>"; };
		ED6A3A6A25458E1A002D6512 /* OOP.app */ = {isa = PBXFileReference; explicitFileType = wrapper.application; includeInIndex = 0; path = OOP.app; sourceTree = BUILT_PRODUCTS_DIR; };
		ED6A3A6D25458E1A002D6512 /* AppDelegate.swift */ = {isa = PBXFileReference; lastKnownFileType = sourcecode.swift; path = AppDelegate.swift; sourceTree = "<group>"; };
		ED6A3A6F25458E1A002D6512 /* SceneDelegate.swift */ = {isa = PBXFileReference; lastKnownFileType = sourcecode.swift; path = SceneDelegate.swift; sourceTree = "<group>"; };
		ED6A3A7125458E1A002D6512 /* PatientController.swift */ = {isa = PBXFileReference; lastKnownFileType = sourcecode.swift; path = PatientController.swift; sourceTree = "<group>"; };
		ED6A3A7425458E1A002D6512 /* Base */ = {isa = PBXFileReference; lastKnownFileType = file.storyboard; name = Base; path = Base.lproj/Main.storyboard; sourceTree = "<group>"; };
		ED6A3A7625458E1E002D6512 /* Assets.xcassets */ = {isa = PBXFileReference; lastKnownFileType = folder.assetcatalog; path = Assets.xcassets; sourceTree = "<group>"; };
		ED6A3A7925458E1E002D6512 /* Base */ = {isa = PBXFileReference; lastKnownFileType = file.storyboard; name = Base; path = Base.lproj/LaunchScreen.storyboard; sourceTree = "<group>"; };
		ED6A3A7B25458E1E002D6512 /* Info.plist */ = {isa = PBXFileReference; lastKnownFileType = text.plist.xml; path = Info.plist; sourceTree = "<group>"; };
		ED6A3A8525458FDB002D6512 /* StatisticController.swift */ = {isa = PBXFileReference; lastKnownFileType = sourcecode.swift; path = StatisticController.swift; sourceTree = "<group>"; };
		ED6A3A8725458FE6002D6512 /* DoctorsController.swift */ = {isa = PBXFileReference; lastKnownFileType = sourcecode.swift; path = DoctorsController.swift; sourceTree = "<group>"; };
		ED6A3A8C25459165002D6512 /* Constant.swift */ = {isa = PBXFileReference; lastKnownFileType = sourcecode.swift; path = Constant.swift; sourceTree = "<group>"; };
		ED6A3A8E254594B2002D6512 /* PeopleModel.swift */ = {isa = PBXFileReference; lastKnownFileType = sourcecode.swift; path = PeopleModel.swift; sourceTree = "<group>"; };
		ED6A3A9225459637002D6512 /* BasicCell.swift */ = {isa = PBXFileReference; lastKnownFileType = sourcecode.swift; path = BasicCell.swift; sourceTree = "<group>"; };
		ED6A3A9425459A29002D6512 /* UILabel + extention.swift */ = {isa = PBXFileReference; lastKnownFileType = sourcecode.swift; path = "UILabel + extention.swift"; sourceTree = "<group>"; };
		EDA36A7925583D0E00312831 /* EditDoctorsController.swift */ = {isa = PBXFileReference; lastKnownFileType = sourcecode.swift; path = EditDoctorsController.swift; sourceTree = "<group>"; };
		EDA36A7B25584E3100312831 /* EditPatientController.swift */ = {isa = PBXFileReference; lastKnownFileType = sourcecode.swift; path = EditPatientController.swift; sourceTree = "<group>"; };
		EDA5D5BD256040CF0076EADD /* PickerController.swift */ = {isa = PBXFileReference; lastKnownFileType = sourcecode.swift; path = PickerController.swift; sourceTree = "<group>"; };
		EDA5D5BF256042460076EADD /* StatisticSingelton.swift */ = {isa = PBXFileReference; lastKnownFileType = sourcecode.swift; path = StatisticSingelton.swift; sourceTree = "<group>"; };
		EDF8FB1D254D48B300E9F08E /* AddNewPeopleController.swift */ = {isa = PBXFileReference; lastKnownFileType = sourcecode.swift; path = AddNewPeopleController.swift; sourceTree = "<group>"; };
		F6AF79DD3CBE2A31B34123B6 /* Pods_OOP.framework */ = {isa = PBXFileReference; explicitFileType = wrapper.framework; includeInIndex = 0; path = Pods_OOP.framework; sourceTree = BUILT_PRODUCTS_DIR; };
/* End PBXFileReference section */

/* Begin PBXFrameworksBuildPhase section */
		ED6A3A6725458E1A002D6512 /* Frameworks */ = {
			isa = PBXFrameworksBuildPhase;
			buildActionMask = 2147483647;
			files = (
				BFA6A65AF16D70CC35613399 /* Pods_OOP.framework in Frameworks */,
			);
			runOnlyForDeploymentPostprocessing = 0;
		};
/* End PBXFrameworksBuildPhase section */

/* Begin PBXGroup section */
		08270105D22A4C4AC158D3D6 /* Frameworks */ = {
			isa = PBXGroup;
			children = (
				F6AF79DD3CBE2A31B34123B6 /* Pods_OOP.framework */,
			);
			name = Frameworks;
			sourceTree = "<group>";
		};
		C154421A8F8DF403269663C4 /* Pods */ = {
			isa = PBXGroup;
			children = (
				B34D94C61F739A2D23AA820B /* Pods-OOP.debug.xcconfig */,
				24CBEB1B9EC2429745114E7A /* Pods-OOP.release.xcconfig */,
			);
			path = Pods;
			sourceTree = "<group>";
		};
		ED1F62CA255A827300FE1A38 /* Cell */ = {
			isa = PBXGroup;
			children = (
				ED6A3A9225459637002D6512 /* BasicCell.swift */,
				ED1F62CB255A829300FE1A38 /* BaseCollectionCell.swift */,
			);
			path = Cell;
			sourceTree = "<group>";
		};
		ED5E8622254D961C008BE23A /* Data */ = {
			isa = PBXGroup;
			children = (
				ED6A3A8E254594B2002D6512 /* PeopleModel.swift */,
				ED5E8623254D963D008BE23A /* DoctorsSingelton.swift */,
				ED5E8625254D9661008BE23A /* PatientSingelton.swift */,
				EDA5D5BF256042460076EADD /* StatisticSingelton.swift */,
			);
			path = Data;
			sourceTree = "<group>";
		};
		ED6A3A6125458E1A002D6512 = {
			isa = PBXGroup;
			children = (
				ED6A3A6C25458E1A002D6512 /* OOP */,
				ED6A3A6B25458E1A002D6512 /* Products */,
				C154421A8F8DF403269663C4 /* Pods */,
				08270105D22A4C4AC158D3D6 /* Frameworks */,
			);
			sourceTree = "<group>";
		};
		ED6A3A6B25458E1A002D6512 /* Products */ = {
			isa = PBXGroup;
			children = (
				ED6A3A6A25458E1A002D6512 /* OOP.app */,
			);
			name = Products;
			sourceTree = "<group>";
		};
		ED6A3A6C25458E1A002D6512 /* OOP */ = {
			isa = PBXGroup;
			children = (
				ED5E8622254D961C008BE23A /* Data */,
				ED6A3A892545911C002D6512 /* Helpers */,
				ED6A3A8125458F52002D6512 /* Modul */,
				ED6A3A6F25458E1A002D6512 /* SceneDelegate.swift */,
				ED6A3A6D25458E1A002D6512 /* AppDelegate.swift */,
				ED6A3A7325458E1A002D6512 /* Main.storyboard */,
				ED6A3A7625458E1E002D6512 /* Assets.xcassets */,
				ED6A3A7825458E1E002D6512 /* LaunchScreen.storyboard */,
				ED6A3A7B25458E1E002D6512 /* Info.plist */,
			);
			path = OOP;
			sourceTree = "<group>";
		};
		ED6A3A8125458F52002D6512 /* Modul */ = {
			isa = PBXGroup;
			children = (
				ED1F62CA255A827300FE1A38 /* Cell */,
				ED6A3A8725458FE6002D6512 /* DoctorsController.swift */,
				ED6A3A7125458E1A002D6512 /* PatientController.swift */,
				ED6A3A8525458FDB002D6512 /* StatisticController.swift */,
				ED2E75AB254E9F140020775D /* DetailDoctorsController.swift */,
				EDF8FB1D254D48B300E9F08E /* AddNewPeopleController.swift */,
				ED2E75AD254EB5C80020775D /* DetailPersonController.swift */,
				EDA36A7925583D0E00312831 /* EditDoctorsController.swift */,
				EDA36A7B25584E3100312831 /* EditPatientController.swift */,
				ED1F62C8255A7D0E00FE1A38 /* WritePatientToDoctorController.swift */,
				EDA5D5BD256040CF0076EADD /* PickerController.swift */,
			);
			path = Modul;
			sourceTree = "<group>";
		};
		ED6A3A892545911C002D6512 /* Helpers */ = {
			isa = PBXGroup;
			children = (
				ED6A3A8B2545914E002D6512 /* Constatn */,
				ED6A3A8A25459121002D6512 /* Extention  */,
			);
			path = Helpers;
			sourceTree = "<group>";
		};
		ED6A3A8A25459121002D6512 /* Extention  */ = {
			isa = PBXGroup;
			children = (
				ED6A3A9425459A29002D6512 /* UILabel + extention.swift */,
			);
			path = "Extention ";
			sourceTree = "<group>";
		};
		ED6A3A8B2545914E002D6512 /* Constatn */ = {
			isa = PBXGroup;
			children = (
				ED6A3A8C25459165002D6512 /* Constant.swift */,
			);
			path = Constatn;
			sourceTree = "<group>";
		};
/* End PBXGroup section */

/* Begin PBXNativeTarget section */
		ED6A3A6925458E1A002D6512 /* OOP */ = {
			isa = PBXNativeTarget;
			buildConfigurationList = ED6A3A7E25458E1E002D6512 /* Build configuration list for PBXNativeTarget "OOP" */;
			buildPhases = (
				FBE5D5D6CF17ABDBA1BD4597 /* [CP] Check Pods Manifest.lock */,
				ED6A3A6625458E1A002D6512 /* Sources */,
				ED6A3A6725458E1A002D6512 /* Frameworks */,
				ED6A3A6825458E1A002D6512 /* Resources */,
				1404299655C8DCDAB8338E4E /* [CP] Embed Pods Frameworks */,
			);
			buildRules = (
			);
			dependencies = (
			);
			name = OOP;
			productName = OOP;
			productReference = ED6A3A6A25458E1A002D6512 /* OOP.app */;
			productType = "com.apple.product-type.application";
		};
/* End PBXNativeTarget section */

/* Begin PBXProject section */
		ED6A3A6225458E1A002D6512 /* Project object */ = {
			isa = PBXProject;
			attributes = {
				LastSwiftUpdateCheck = 1170;
				LastUpgradeCheck = 1170;
				ORGANIZATIONNAME = "Кирилл";
				TargetAttributes = {
					ED6A3A6925458E1A002D6512 = {
						CreatedOnToolsVersion = 11.7;
					};
				};
			};
			buildConfigurationList = ED6A3A6525458E1A002D6512 /* Build configuration list for PBXProject "OOP" */;
			compatibilityVersion = "Xcode 9.3";
			developmentRegion = en;
			hasScannedForEncodings = 0;
			knownRegions = (
				en,
				Base,
			);
			mainGroup = ED6A3A6125458E1A002D6512;
			productRefGroup = ED6A3A6B25458E1A002D6512 /* Products */;
			projectDirPath = "";
			projectRoot = "";
			targets = (
				ED6A3A6925458E1A002D6512 /* OOP */,
			);
		};
/* End PBXProject section */

/* Begin PBXResourcesBuildPhase section */
		ED6A3A6825458E1A002D6512 /* Resources */ = {
			isa = PBXResourcesBuildPhase;
			buildActionMask = 2147483647;
			files = (
				ED6A3A7A25458E1E002D6512 /* LaunchScreen.storyboard in Resources */,
				ED6A3A7725458E1E002D6512 /* Assets.xcassets in Resources */,
				ED6A3A7525458E1A002D6512 /* Main.storyboard in Resources */,
			);
			runOnlyForDeploymentPostprocessing = 0;
		};
/* End PBXResourcesBuildPhase section */

/* Begin PBXShellScriptBuildPhase section */
		1404299655C8DCDAB8338E4E /* [CP] Embed Pods Frameworks */ = {
			isa = PBXShellScriptBuildPhase;
			buildActionMask = 2147483647;
			files = (
			);
			inputFileListPaths = (
				"${PODS_ROOT}/Target Support Files/Pods-OOP/Pods-OOP-frameworks-${CONFIGURATION}-input-files.xcfilelist",
			);
			name = "[CP] Embed Pods Frameworks";
			outputFileListPaths = (
				"${PODS_ROOT}/Target Support Files/Pods-OOP/Pods-OOP-frameworks-${CONFIGURATION}-output-files.xcfilelist",
			);
			runOnlyForDeploymentPostprocessing = 0;
			shellPath = /bin/sh;
			shellScript = "\"${PODS_ROOT}/Target Support Files/Pods-OOP/Pods-OOP-frameworks.sh\"\n";
			showEnvVarsInLog = 0;
		};
		FBE5D5D6CF17ABDBA1BD4597 /* [CP] Check Pods Manifest.lock */ = {
			isa = PBXShellScriptBuildPhase;
			buildActionMask = 2147483647;
			files = (
			);
			inputFileListPaths = (
			);
			inputPaths = (
				"${PODS_PODFILE_DIR_PATH}/Podfile.lock",
				"${PODS_ROOT}/Manifest.lock",
			);
			name = "[CP] Check Pods Manifest.lock";
			outputFileListPaths = (
			);
			outputPaths = (
				"$(DERIVED_FILE_DIR)/Pods-OOP-checkManifestLockResult.txt",
			);
			runOnlyForDeploymentPostprocessing = 0;
			shellPath = /bin/sh;
			shellScript = "diff \"${PODS_PODFILE_DIR_PATH}/Podfile.lock\" \"${PODS_ROOT}/Manifest.lock\" > /dev/null\nif [ $? != 0 ] ; then\n    # print error to STDERR\n    echo \"error: The sandbox is not in sync with the Podfile.lock. Run 'pod install' or update your CocoaPods installation.\" >&2\n    exit 1\nfi\n# This output is used by Xcode 'outputs' to avoid re-running this script phase.\necho \"SUCCESS\" > \"${SCRIPT_OUTPUT_FILE_0}\"\n";
			showEnvVarsInLog = 0;
		};
/* End PBXShellScriptBuildPhase section */

/* Begin PBXSourcesBuildPhase section */
		ED6A3A6625458E1A002D6512 /* Sources */ = {
			isa = PBXSourcesBuildPhase;
			buildActionMask = 2147483647;
			files = (
				ED6A3A7225458E1A002D6512 /* PatientController.swift in Sources */,
				ED1F62C9255A7D0E00FE1A38 /* WritePatientToDoctorController.swift in Sources */,
				ED5E8624254D963D008BE23A /* DoctorsSingelton.swift in Sources */,
				ED6A3A6E25458E1A002D6512 /* AppDelegate.swift in Sources */,
				EDA36A7A25583D0E00312831 /* EditDoctorsController.swift in Sources */,
				EDA5D5BE256040CF0076EADD /* PickerController.swift in Sources */,
				ED6A3A9325459637002D6512 /* BasicCell.swift in Sources */,
				ED6A3A7025458E1A002D6512 /* SceneDelegate.swift in Sources */,
				ED5E8626254D9661008BE23A /* PatientSingelton.swift in Sources */,
				ED6A3A8625458FDB002D6512 /* StatisticController.swift in Sources */,
				EDA5D5C0256042460076EADD /* StatisticSingelton.swift in Sources */,
				ED2E75AE254EB5C80020775D /* DetailPersonController.swift in Sources */,
				ED1F62CC255A829300FE1A38 /* BaseCollectionCell.swift in Sources */,
				ED2E75AC254E9F140020775D /* DetailDoctorsController.swift in Sources */,
				ED6A3A8825458FE6002D6512 /* DoctorsController.swift in Sources */,
				ED6A3A9525459A29002D6512 /* UILabel + extention.swift in Sources */,
				EDA36A7C25584E3100312831 /* EditPatientController.swift in Sources */,
				EDF8FB1E254D48B300E9F08E /* AddNewPeopleController.swift in Sources */,
				ED6A3A8F254594B2002D6512 /* PeopleModel.swift in Sources */,
				ED6A3A8D25459165002D6512 /* Constant.swift in Sources */,
			);
			runOnlyForDeploymentPostprocessing = 0;
		};
/* End PBXSourcesBuildPhase section */

/* Begin PBXVariantGroup section */
		ED6A3A7325458E1A002D6512 /* Main.storyboard */ = {
			isa = PBXVariantGroup;
			children = (
				ED6A3A7425458E1A002D6512 /* Base */,
			);
			name = Main.storyboard;
			sourceTree = "<group>";
		};
		ED6A3A7825458E1E002D6512 /* LaunchScreen.storyboard */ = {
			isa = PBXVariantGroup;
			children = (
				ED6A3A7925458E1E002D6512 /* Base */,
			);
			name = LaunchScreen.storyboard;
			sourceTree = "<group>";
		};
/* End PBXVariantGroup section */

/* Begin XCBuildConfiguration section */
		ED6A3A7C25458E1E002D6512 /* Debug */ = {
			isa = XCBuildConfiguration;
			buildSettings = {
				ALWAYS_SEARCH_USER_PATHS = NO;
				CLANG_ANALYZER_NONNULL = YES;
				CLANG_ANALYZER_NUMBER_OBJECT_CONVERSION = YES_AGGRESSIVE;
				CLANG_CXX_LANGUAGE_STANDARD = "gnu++14";
				CLANG_CXX_LIBRARY = "libc++";
				CLANG_ENABLE_MODULES = YES;
				CLANG_ENABLE_OBJC_ARC = YES;
				CLANG_ENABLE_OBJC_WEAK = YES;
				CLANG_WARN_BLOCK_CAPTURE_AUTORELEASING = YES;
				CLANG_WARN_BOOL_CONVERSION = YES;
				CLANG_WARN_COMMA = YES;
				CLANG_WARN_CONSTANT_CONVERSION = YES;
				CLANG_WARN_DEPRECATED_OBJC_IMPLEMENTATIONS = YES;
				CLANG_WARN_DIRECT_OBJC_ISA_USAGE = YES_ERROR;
				CLANG_WARN_DOCUMENTATION_COMMENTS = YES;
				CLANG_WARN_EMPTY_BODY = YES;
				CLANG_WARN_ENUM_CONVERSION = YES;
				CLANG_WARN_INFINITE_RECURSION = YES;
				CLANG_WARN_INT_CONVERSION = YES;
				CLANG_WARN_NON_LITERAL_NULL_CONVERSION = YES;
				CLANG_WARN_OBJC_IMPLICIT_RETAIN_SELF = YES;
				CLANG_WARN_OBJC_LITERAL_CONVERSION = YES;
				CLANG_WARN_OBJC_ROOT_CLASS = YES_ERROR;
				CLANG_WARN_RANGE_LOOP_ANALYSIS = YES;
				CLANG_WARN_STRICT_PROTOTYPES = YES;
				CLANG_WARN_SUSPICIOUS_MOVE = YES;
				CLANG_WARN_UNGUARDED_AVAILABILITY = YES_AGGRESSIVE;
				CLANG_WARN_UNREACHABLE_CODE = YES;
				CLANG_WARN__DUPLICATE_METHOD_MATCH = YES;
				COPY_PHASE_STRIP = NO;
				DEBUG_INFORMATION_FORMAT = dwarf;
				ENABLE_STRICT_OBJC_MSGSEND = YES;
				ENABLE_TESTABILITY = YES;
				GCC_C_LANGUAGE_STANDARD = gnu11;
				GCC_DYNAMIC_NO_PIC = NO;
				GCC_NO_COMMON_BLOCKS = YES;
				GCC_OPTIMIZATION_LEVEL = 0;
				GCC_PREPROCESSOR_DEFINITIONS = (
					"DEBUG=1",
					"$(inherited)",
				);
				GCC_WARN_64_TO_32_BIT_CONVERSION = YES;
				GCC_WARN_ABOUT_RETURN_TYPE = YES_ERROR;
				GCC_WARN_UNDECLARED_SELECTOR = YES;
				GCC_WARN_UNINITIALIZED_AUTOS = YES_AGGRESSIVE;
				GCC_WARN_UNUSED_FUNCTION = YES;
				GCC_WARN_UNUSED_VARIABLE = YES;
				IPHONEOS_DEPLOYMENT_TARGET = 13.7;
				MTL_ENABLE_DEBUG_INFO = INCLUDE_SOURCE;
				MTL_FAST_MATH = YES;
				ONLY_ACTIVE_ARCH = YES;
				SDKROOT = iphoneos;
				SWIFT_ACTIVE_COMPILATION_CONDITIONS = DEBUG;
				SWIFT_OPTIMIZATION_LEVEL = "-Onone";
			};
			name = Debug;
		};
		ED6A3A7D25458E1E002D6512 /* Release */ = {
			isa = XCBuildConfiguration;
			buildSettings = {
				ALWAYS_SEARCH_USER_PATHS = NO;
				CLANG_ANALYZER_NONNULL = YES;
				CLANG_ANALYZER_NUMBER_OBJECT_CONVERSION = YES_AGGRESSIVE;
				CLANG_CXX_LANGUAGE_STANDARD = "gnu++14";
				CLANG_CXX_LIBRARY = "libc++";
				CLANG_ENABLE_MODULES = YES;
				CLANG_ENABLE_OBJC_ARC = YES;
				CLANG_ENABLE_OBJC_WEAK = YES;
				CLANG_WARN_BLOCK_CAPTURE_AUTORELEASING = YES;
				CLANG_WARN_BOOL_CONVERSION = YES;
				CLANG_WARN_COMMA = YES;
				CLANG_WARN_CONSTANT_CONVERSION = YES;
				CLANG_WARN_DEPRECATED_OBJC_IMPLEMENTATIONS = YES;
				CLANG_WARN_DIRECT_OBJC_ISA_USAGE = YES_ERROR;
				CLANG_WARN_DOCUMENTATION_COMMENTS = YES;
				CLANG_WARN_EMPTY_BODY = YES;
				CLANG_WARN_ENUM_CONVERSION = YES;
				CLANG_WARN_INFINITE_RECURSION = YES;
				CLANG_WARN_INT_CONVERSION = YES;
				CLANG_WARN_NON_LITERAL_NULL_CONVERSION = YES;
				CLANG_WARN_OBJC_IMPLICIT_RETAIN_SELF = YES;
				CLANG_WARN_OBJC_LITERAL_CONVERSION = YES;
				CLANG_WARN_OBJC_ROOT_CLASS = YES_ERROR;
				CLANG_WARN_RANGE_LOOP_ANALYSIS = YES;
				CLANG_WARN_STRICT_PROTOTYPES = YES;
				CLANG_WARN_SUSPICIOUS_MOVE = YES;
				CLANG_WARN_UNGUARDED_AVAILABILITY = YES_AGGRESSIVE;
				CLANG_WARN_UNREACHABLE_CODE = YES;
				CLANG_WARN__DUPLICATE_METHOD_MATCH = YES;
				COPY_PHASE_STRIP = NO;
				DEBUG_INFORMATION_FORMAT = "dwarf-with-dsym";
				ENABLE_NS_ASSERTIONS = NO;
				ENABLE_STRICT_OBJC_MSGSEND = YES;
				GCC_C_LANGUAGE_STANDARD = gnu11;
				GCC_NO_COMMON_BLOCKS = YES;
				GCC_WARN_64_TO_32_BIT_CONVERSION = YES;
				GCC_WARN_ABOUT_RETURN_TYPE = YES_ERROR;
				GCC_WARN_UNDECLARED_SELECTOR = YES;
				GCC_WARN_UNINITIALIZED_AUTOS = YES_AGGRESSIVE;
				GCC_WARN_UNUSED_FUNCTION = YES;
				GCC_WARN_UNUSED_VARIABLE = YES;
				IPHONEOS_DEPLOYMENT_TARGET = 13.7;
				MTL_ENABLE_DEBUG_INFO = NO;
				MTL_FAST_MATH = YES;
				SDKROOT = iphoneos;
				SWIFT_COMPILATION_MODE = wholemodule;
				SWIFT_OPTIMIZATION_LEVEL = "-O";
				VALIDATE_PRODUCT = YES;
			};
			name = Release;
		};
		ED6A3A7F25458E1E002D6512 /* Debug */ = {
			isa = XCBuildConfiguration;
			baseConfigurationReference = B34D94C61F739A2D23AA820B /* Pods-OOP.debug.xcconfig */;
			buildSettings = {
				ASSETCATALOG_COMPILER_APPICON_NAME = AppIcon;
				CODE_SIGN_STYLE = Automatic;
				DEVELOPMENT_TEAM = ZQ27S689GF;
				INFOPLIST_FILE = OOP/Info.plist;
				IPHONEOS_DEPLOYMENT_TARGET = 13.0;
				LD_RUNPATH_SEARCH_PATHS = (
					"$(inherited)",
					"@executable_path/Frameworks",
				);
				PRODUCT_BUNDLE_IDENTIFIER = "kiraykor-project.OOP";
				PRODUCT_NAME = "$(TARGET_NAME)";
				SWIFT_VERSION = 5.0;
				TARGETED_DEVICE_FAMILY = 1;
			};
			name = Debug;
		};
		ED6A3A8025458E1E002D6512 /* Release */ = {
			isa = XCBuildConfiguration;
			baseConfigurationReference = 24CBEB1B9EC2429745114E7A /* Pods-OOP.release.xcconfig */;
			buildSettings = {
				ASSETCATALOG_COMPILER_APPICON_NAME = AppIcon;
				CODE_SIGN_STYLE = Automatic;
				DEVELOPMENT_TEAM = ZQ27S689GF;
				INFOPLIST_FILE = OOP/Info.plist;
				IPHONEOS_DEPLOYMENT_TARGET = 13.0;
				LD_RUNPATH_SEARCH_PATHS = (
					"$(inherited)",
					"@executable_path/Frameworks",
				);
				PRODUCT_BUNDLE_IDENTIFIER = "kiraykor-project.OOP";
				PRODUCT_NAME = "$(TARGET_NAME)";
				SWIFT_VERSION = 5.0;
				TARGETED_DEVICE_FAMILY = 1;
			};
			name = Release;
		};
/* End XCBuildConfiguration section */

/* Begin XCConfigurationList section */
		ED6A3A6525458E1A002D6512 /* Build configuration list for PBXProject "OOP" */ = {
			isa = XCConfigurationList;
			buildConfigurations = (
				ED6A3A7C25458E1E002D6512 /* Debug */,
				ED6A3A7D25458E1E002D6512 /* Release */,
			);
			defaultConfigurationIsVisible = 0;
			defaultConfigurationName = Release;
		};
		ED6A3A7E25458E1E002D6512 /* Build configuration list for PBXNativeTarget "OOP" */ = {
			isa = XCConfigurationList;
			buildConfigurations = (
				ED6A3A7F25458E1E002D6512 /* Debug */,
				ED6A3A8025458E1E002D6512 /* Release */,
			);
			defaultConfigurationIsVisible = 0;
			defaultConfigurationName = Release;
		};
/* End XCConfigurationList section */
	};
	rootObject = ED6A3A6225458E1A002D6512 /* Project object */;
}
